
Microsoft Visual Studio Solution File, Format Version 12.00
# Visual Studio Version 17
VisualStudioVersion = 17.13.35919.96 d17.13
MinimumVisualStudioVersion = 10.0.40219.1
Project("{FAE04EC0-301F-11D3-BF4B-00C04F79EFBC}") = "CuentaBancaria", "CuentaBancaria\CuentaBancaria.csproj", "{298686B6-C411-455C-8761-FF075A058231}"
EndProject
Global
	GlobalSection(SolutionConfigurationPlatforms) = preSolution
		Debug|Any CPU = Debug|Any CPU
		Release|Any CPU = Release|Any CPU
	EndGlobalSection
	GlobalSection(ProjectConfigurationPlatforms) = postSolution
		{298686B6-C411-455C-8761-FF075A058231}.Debug|Any CPU.ActiveCfg = Debug|Any CPU
		{298686B6-C411-455C-8761-FF075A058231}.Debug|Any CPU.Build.0 = Debug|Any CPU
		{298686B6-C411-455C-8761-FF075A058231}.Release|Any CPU.ActiveCfg = Release|Any CPU
		{298686B6-C411-455C-8761-FF075A058231}.Release|Any CPU.Build.0 = Release|Any CPU
	EndGlobalSection
	GlobalSection(SolutionProperties) = preSolution
		HideSolutionNode = FALSE
	EndGlobalSection
	GlobalSection(ExtensibilityGlobals) = postSolution
		SolutionGuid = {F14AED38-FCEF-4EC8-A83D-370B5AA333DA}
	EndGlobalSection
EndGlobal
