
Microsoft Visual Studio Solution File, Format Version 12.00
# Visual Studio Version 16
VisualStudioVersion = 16.0.35130.168
MinimumVisualStudioVersion = 10.0.40219.1
Project("{FAE04EC0-301F-11D3-BF4B-00C04F79EFBC}") = "Cronometro", "Cronometro\Cronometro.csproj", "{C4221E8D-1B77-438F-ABA0-39E13A46F687}"
EndProject
Global
	GlobalSection(SolutionConfigurationPlatforms) = preSolution
		Debug|Any CPU = Debug|Any CPU
		Release|Any CPU = Release|Any CPU
	EndGlobalSection
	GlobalSection(ProjectConfigurationPlatforms) = postSolution
		{C4221E8D-1B77-438F-ABA0-39E13A46F687}.Debug|Any CPU.ActiveCfg = Debug|Any CPU
		{C4221E8D-1B77-438F-ABA0-39E13A46F687}.Debug|Any CPU.Build.0 = Debug|Any CPU
		{C4221E8D-1B77-438F-ABA0-39E13A46F687}.Release|Any CPU.ActiveCfg = Release|Any CPU
		{C4221E8D-1B77-438F-ABA0-39E13A46F687}.Release|Any CPU.Build.0 = Release|Any CPU
	EndGlobalSection
	GlobalSection(SolutionProperties) = preSolution
		HideSolutionNode = FALSE
	EndGlobalSection
	GlobalSection(ExtensibilityGlobals) = postSolution
		SolutionGuid = {05BB029B-723E-4294-9868-E0605D1131DE}
	EndGlobalSection
EndGlobal
